
Microsoft Visual Studio Solution File, Format Version 12.00
# Visual Studio 15
VisualStudioVersion = 15.0.28010.2003
MinimumVisualStudioVersion = 10.0.40219.1
Project("{FAE04EC0-301F-11D3-BF4B-00C04F79EFBC}") = "TextEditor", "WindowsFormsApp1\TextEditor.csproj", "{AC04F564-14DD-42BB-ABD7-8C02D1375EF5}"
EndProject
Global
	GlobalSection(SolutionConfigurationPlatforms) = preSolution
		Debug|Any CPU = Debug|Any CPU
		Release|Any CPU = Release|Any CPU
	EndGlobalSection
	GlobalSection(ProjectConfigurationPlatforms) = postSolution
		{AC04F564-14DD-42BB-ABD7-8C02D1375EF5}.Debug|Any CPU.ActiveCfg = Debug|Any CPU
		{AC04F564-14DD-42BB-ABD7-8C02D1375EF5}.Debug|Any CPU.Build.0 = Debug|Any CPU
		{AC04F564-14DD-42BB-ABD7-8C02D1375EF5}.Release|Any CPU.ActiveCfg = Release|Any CPU
		{AC04F564-14DD-42BB-ABD7-8C02D1375EF5}.Release|Any CPU.Build.0 = Release|Any CPU
	EndGlobalSection
	GlobalSection(SolutionProperties) = preSolution
		HideSolutionNode = FALSE
	EndGlobalSection
	GlobalSection(ExtensibilityGlobals) = postSolution
		SolutionGuid = {A21B3EB6-F782-4877-BA3C-2C9A170F8ADD}
	EndGlobalSection
EndGlobal
